// !$*UTF8*$!
{
	archiveVersion = 1;
	classes = {
	};
	objectVersion = 46;
	objects = {

/* Begin PBXBuildFile section */
		B73992A616CB0CEF00C01033 /* UIKit.framework in Frameworks */ = {isa = PBXBuildFile; fileRef = B73992A516CB0CEF00C01033 /* UIKit.framework */; };
		B73992A816CB0CEF00C01033 /* Foundation.framework in Frameworks */ = {isa = PBXBuildFile; fileRef = B73992A716CB0CEF00C01033 /* Foundation.framework */; };
		B73992AA16CB0CEF00C01033 /* CoreGraphics.framework in Frameworks */ = {isa = PBXBuildFile; fileRef = B73992A916CB0CEF00C01033 /* CoreGraphics.framework */; };
		B73992B016CB0CEF00C01033 /* InfoPlist.strings in Resources */ = {isa = PBXBuildFile; fileRef = B73992AE16CB0CEF00C01033 /* InfoPlist.strings */; };
		B73992B216CB0CEF00C01033 /* main.m in Sources */ = {isa = PBXBuildFile; fileRef = B73992B116CB0CEF00C01033 /* main.m */; };
		B73992B616CB0CEF00C01033 /* MMAppDelegate.m in Sources */ = {isa = PBXBuildFile; fileRef = B73992B516CB0CEF00C01033 /* MMAppDelegate.m */; };
		B73992B816CB0CEF00C01033 /* Default.png in Resources */ = {isa = PBXBuildFile; fileRef = B73992B716CB0CEF00C01033 /* Default.png */; };
		B73992BA16CB0CEF00C01033 /* Default@2x.png in Resources */ = {isa = PBXBuildFile; fileRef = B73992B916CB0CEF00C01033 /* Default@2x.png */; };
		B73992BC16CB0CEF00C01033 /* Default-568h@2x.png in Resources */ = {isa = PBXBuildFile; fileRef = B73992BB16CB0CEF00C01033 /* Default-568h@2x.png */; };
		B73992BF16CB0CEF00C01033 /* MMViewController.m in Sources */ = {isa = PBXBuildFile; fileRef = B73992BE16CB0CEF00C01033 /* MMViewController.m */; };
		B73992C216CB0CEF00C01033 /* MMViewController.xib in Resources */ = {isa = PBXBuildFile; fileRef = B73992C016CB0CEF00C01033 /* MMViewController.xib */; };
/* End PBXBuildFile section */

/* Begin PBXFileReference section */
		B73992A216CB0CEF00C01033 /* ChicagoPizza.app */ = {isa = PBXFileReference; explicitFileType = wrapper.application; includeInIndex = 0; path = ChicagoPizza.app; sourceTree = BUILT_PRODUCTS_DIR; };
		B73992A516CB0CEF00C01033 /* UIKit.framework */ = {isa = PBXFileReference; lastKnownFileType = wrapper.framework; name = UIKit.framework; path = System/Library/Frameworks/UIKit.framework; sourceTree = SDKROOT; };
		B73992A716CB0CEF00C01033 /* Foundation.framework */ = {isa = PBXFileReference; lastKnownFileType = wrapper.framework; name = Foundation.framework; path = System/Library/Frameworks/Foundation.framework; sourceTree = SDKROOT; };
		B73992A916CB0CEF00C01033 /* CoreGraphics.framework */ = {isa = PBXFileReference; lastKnownFileType = wrapper.framework; name = CoreGraphics.framework; path = System/Library/Frameworks/CoreGraphics.framework; sourceTree = SDKROOT; };
		B73992AD16CB0CEF00C01033 /* ChicagoPizza-Info.plist */ = {isa = PBXFileReference; lastKnownFileType = text.plist.xml; path = "ChicagoPizza-Info.plist"; sourceTree = "<group>"; };
		B73992AF16CB0CEF00C01033 /* en */ = {isa = PBXFileReference; lastKnownFileType = text.plist.strings; name = en; path = en.lproj/InfoPlist.strings; sourceTree = "<group>"; };
		B73992B116CB0CEF00C01033 /* main.m */ = {isa = PBXFileReference; lastKnownFileType = sourcecode.c.objc; path = main.m; sourceTree = "<group>"; };
		B73992B316CB0CEF00C01033 /* ChicagoPizza-Prefix.pch */ = {isa = PBXFileReference; lastKnownFileType = sourcecode.c.h; path = "ChicagoPizza-Prefix.pch"; sourceTree = "<group>"; };
		B73992B416CB0CEF00C01033 /* MMAppDelegate.h */ = {isa = PBXFileReference; lastKnownFileType = sourcecode.c.h; path = MMAppDelegate.h; sourceTree = "<group>"; };
		B73992B516CB0CEF00C01033 /* MMAppDelegate.m */ = {isa = PBXFileReference; lastKnownFileType = sourcecode.c.objc; path = MMAppDelegate.m; sourceTree = "<group>"; };
		B73992B716CB0CEF00C01033 /* Default.png */ = {isa = PBXFileReference; lastKnownFileType = image.png; path = Default.png; sourceTree = "<group>"; };
		B73992B916CB0CEF00C01033 /* Default@2x.png */ = {isa = PBXFileReference; lastKnownFileType = image.png; path = "Default@2x.png"; sourceTree = "<group>"; };
		B73992BB16CB0CEF00C01033 /* Default-568h@2x.png */ = {isa = PBXFileReference; lastKnownFileType = image.png; path = "Default-568h@2x.png"; sourceTree = "<group>"; };
		B73992BD16CB0CEF00C01033 /* MMViewController.h */ = {isa = PBXFileReference; lastKnownFileType = sourcecode.c.h; path = MMViewController.h; sourceTree = "<group>"; };
		B73992BE16CB0CEF00C01033 /* MMViewController.m */ = {isa = PBXFileReference; lastKnownFileType = sourcecode.c.objc; path = MMViewController.m; sourceTree = "<group>"; };
		B73992C116CB0CEF00C01033 /* en */ = {isa = PBXFileReference; lastKnownFileType = file.xib; name = en; path = en.lproj/MMViewController.xib; sourceTree = "<group>"; };
/* End PBXFileReference section */

/* Begin PBXFrameworksBuildPhase section */
		B739929F16CB0CEF00C01033 /* Frameworks */ = {
			isa = PBXFrameworksBuildPhase;
			buildActionMask = 2147483647;
			files = (
				B73992A616CB0CEF00C01033 /* UIKit.framework in Frameworks */,
				B73992A816CB0CEF00C01033 /* Foundation.framework in Frameworks */,
				B73992AA16CB0CEF00C01033 /* CoreGraphics.framework in Frameworks */,
			);
			runOnlyForDeploymentPostprocessing = 0;
		};
/* End PBXFrameworksBuildPhase section */

/* Begin PBXGroup section */
		B739929916CB0CEF00C01033 = {
			isa = PBXGroup;
			children = (
				B73992AB16CB0CEF00C01033 /* ChicagoPizza */,
				B73992A416CB0CEF00C01033 /* Frameworks */,
				B73992A316CB0CEF00C01033 /* Products */,
			);
			sourceTree = "<group>";
		};
		B73992A316CB0CEF00C01033 /* Products */ = {
			isa = PBXGroup;
			children = (
				B73992A216CB0CEF00C01033 /* ChicagoPizza.app */,
			);
			name = Products;
			sourceTree = "<group>";
		};
		B73992A416CB0CEF00C01033 /* Frameworks */ = {
			isa = PBXGroup;
			children = (
				B73992A516CB0CEF00C01033 /* UIKit.framework */,
				B73992A716CB0CEF00C01033 /* Foundation.framework */,
				B73992A916CB0CEF00C01033 /* CoreGraphics.framework */,
			);
			name = Frameworks;
			sourceTree = "<group>";
		};
		B73992AB16CB0CEF00C01033 /* ChicagoPizza */ = {
			isa = PBXGroup;
			children = (
				B73992B416CB0CEF00C01033 /* MMAppDelegate.h */,
				B73992B516CB0CEF00C01033 /* MMAppDelegate.m */,
				B73992BD16CB0CEF00C01033 /* MMViewController.h */,
				B73992BE16CB0CEF00C01033 /* MMViewController.m */,
				B73992C016CB0CEF00C01033 /* MMViewController.xib */,
				B73992AC16CB0CEF00C01033 /* Supporting Files */,
			);
			path = ChicagoPizza;
			sourceTree = "<group>";
		};
		B73992AC16CB0CEF00C01033 /* Supporting Files */ = {
			isa = PBXGroup;
			children = (
				B73992AD16CB0CEF00C01033 /* ChicagoPizza-Info.plist */,
				B73992AE16CB0CEF00C01033 /* InfoPlist.strings */,
				B73992B116CB0CEF00C01033 /* main.m */,
				B73992B316CB0CEF00C01033 /* ChicagoPizza-Prefix.pch */,
				B73992B716CB0CEF00C01033 /* Default.png */,
				B73992B916CB0CEF00C01033 /* Default@2x.png */,
				B73992BB16CB0CEF00C01033 /* Default-568h@2x.png */,
			);
			name = "Supporting Files";
			sourceTree = "<group>";
		};
/* End PBXGroup section */

/* Begin PBXNativeTarget section */
		B73992A116CB0CEF00C01033 /* ChicagoPizza */ = {
			isa = PBXNativeTarget;
			buildConfigurationList = B73992C516CB0CEF00C01033 /* Build configuration list for PBXNativeTarget "ChicagoPizza" */;
			buildPhases = (
				B739929E16CB0CEF00C01033 /* Sources */,
				B739929F16CB0CEF00C01033 /* Frameworks */,
				B73992A016CB0CEF00C01033 /* Resources */,
			);
			buildRules = (
			);
			dependencies = (
			);
			name = ChicagoPizza;
			productName = ChicagoPizza;
			productReference = B73992A216CB0CEF00C01033 /* ChicagoPizza.app */;
			productType = "com.apple.product-type.application";
		};
/* End PBXNativeTarget section */

/* Begin PBXProject section */
		B739929A16CB0CEF00C01033 /* Project object */ = {
			isa = PBXProject;
			attributes = {
				CLASSPREFIX = MM;
				LastUpgradeCheck = 0460;
				ORGANIZATIONNAME = RHINO;
			};
			buildConfigurationList = B739929D16CB0CEF00C01033 /* Build configuration list for PBXProject "ChicagoPizza" */;
			compatibilityVersion = "Xcode 3.2";
			developmentRegion = English;
			hasScannedForEncodings = 0;
			knownRegions = (
				en,
			);
			mainGroup = B739929916CB0CEF00C01033;
			productRefGroup = B73992A316CB0CEF00C01033 /* Products */;
			projectDirPath = "";
			projectRoot = "";
			targets = (
				B73992A116CB0CEF00C01033 /* ChicagoPizza */,
			);
		};
/* End PBXProject section */

/* Begin PBXResourcesBuildPhase section */
		B73992A016CB0CEF00C01033 /* Resources */ = {
			isa = PBXResourcesBuildPhase;
			buildActionMask = 2147483647;
			files = (
				B73992B016CB0CEF00C01033 /* InfoPlist.strings in Resources */,
				B73992B816CB0CEF00C01033 /* Default.png in Resources */,
				B73992BA16CB0CEF00C01033 /* Default@2x.png in Resources */,
				B73992BC16CB0CEF00C01033 /* Default-568h@2x.png in Resources */,
				B73992C216CB0CEF00C01033 /* MMViewController.xib in Resources */,
			);
			runOnlyForDeploymentPostprocessing = 0;
		};
/* End PBXResourcesBuildPhase section */

/* Begin PBXSourcesBuildPhase section */
		B739929E16CB0CEF00C01033 /* Sources */ = {
			isa = PBXSourcesBuildPhase;
			buildActionMask = 2147483647;
			files = (
				B73992B216CB0CEF00C01033 /* main.m in Sources */,
				B73992B616CB0CEF00C01033 /* MMAppDelegate.m in Sources */,
				B73992BF16CB0CEF00C01033 /* MMViewController.m in Sources */,
			);
			runOnlyForDeploymentPostprocessing = 0;
		};
/* End PBXSourcesBuildPhase section */

/* Begin PBXVariantGroup section */
		B73992AE16CB0CEF00C01033 /* InfoPlist.strings */ = {
			isa = PBXVariantGroup;
			children = (
				B73992AF16CB0CEF00C01033 /* en */,
			);
			name = InfoPlist.strings;
			sourceTree = "<group>";
		};
		B73992C016CB0CEF00C01033 /* MMViewController.xib */ = {
			isa = PBXVariantGroup;
			children = (
				B73992C116CB0CEF00C01033 /* en */,
			);
			name = MMViewController.xib;
			sourceTree = "<group>";
		};
/* End PBXVariantGroup section */

/* Begin XCBuildConfiguration section */
		B73992C316CB0CEF00C01033 /* Debug */ = {
			isa = XCBuildConfiguration;
			buildSettings = {
				ALWAYS_SEARCH_USER_PATHS = NO;
				CLANG_CXX_LANGUAGE_STANDARD = "gnu++0x";
				CLANG_CXX_LIBRARY = "libc++";
				CLANG_ENABLE_OBJC_ARC = YES;
				CLANG_WARN_CONSTANT_CONVERSION = YES;
				CLANG_WARN_EMPTY_BODY = YES;
				CLANG_WARN_ENUM_CONVERSION = YES;
				CLANG_WARN_INT_CONVERSION = YES;
				CLANG_WARN__DUPLICATE_METHOD_MATCH = YES;
				"CODE_SIGN_IDENTITY[sdk=iphoneos*]" = "iPhone Developer";
				COPY_PHASE_STRIP = NO;
				GCC_C_LANGUAGE_STANDARD = gnu99;
				GCC_DYNAMIC_NO_PIC = NO;
				GCC_OPTIMIZATION_LEVEL = 0;
				GCC_PREPROCESSOR_DEFINITIONS = (
					"DEBUG=1",
					"$(inherited)",
				);
				GCC_SYMBOLS_PRIVATE_EXTERN = NO;
				GCC_WARN_ABOUT_RETURN_TYPE = YES;
				GCC_WARN_UNINITIALIZED_AUTOS = YES;
				GCC_WARN_UNUSED_VARIABLE = YES;
				IPHONEOS_DEPLOYMENT_TARGET = 6.1;
				ONLY_ACTIVE_ARCH = YES;
				SDKROOT = iphoneos;
			};
			name = Debug;
		};
		B73992C416CB0CEF00C01033 /* Release */ = {
			isa = XCBuildConfiguration;
			buildSettings = {
				ALWAYS_SEARCH_USER_PATHS = NO;
				CLANG_CXX_LANGUAGE_STANDARD = "gnu++0x";
				CLANG_CXX_LIBRARY = "libc++";
				CLANG_ENABLE_OBJC_ARC = YES;
				CLANG_WARN_CONSTANT_CONVERSION = YES;
				CLANG_WARN_EMPTY_BODY = YES;
				CLANG_WARN_ENUM_CONVERSION = YES;
				CLANG_WARN_INT_CONVERSION = YES;
				CLANG_WARN__DUPLICATE_METHOD_MATCH = YES;
				"CODE_SIGN_IDENTITY[sdk=iphoneos*]" = "iPhone Developer";
				COPY_PHASE_STRIP = YES;
				GCC_C_LANGUAGE_STANDARD = gnu99;
				GCC_WARN_ABOUT_RETURN_TYPE = YES;
				GCC_WARN_UNINITIALIZED_AUTOS = YES;
				GCC_WARN_UNUSED_VARIABLE = YES;
				IPHONEOS_DEPLOYMENT_TARGET = 6.1;
				OTHER_CFLAGS = "-DNS_BLOCK_ASSERTIONS=1";
				SDKROOT = iphoneos;
				VALIDATE_PRODUCT = YES;
			};
			name = Release;
		};
		B73992C616CB0CEF00C01033 /* Debug */ = {
			isa = XCBuildConfiguration;
			buildSettings = {
				GCC_PRECOMPILE_PREFIX_HEADER = YES;
				GCC_PREFIX_HEADER = "ChicagoPizza/ChicagoPizza-Prefix.pch";
				INFOPLIST_FILE = "ChicagoPizza/ChicagoPizza-Info.plist";
				PRODUCT_NAME = "$(TARGET_NAME)";
				WRAPPER_EXTENSION = app;
			};
			name = Debug;
		};
		B73992C716CB0CEF00C01033 /* Release */ = {
			isa = XCBuildConfiguration;
			buildSettings = {
				GCC_PRECOMPILE_PREFIX_HEADER = YES;
				GCC_PREFIX_HEADER = "ChicagoPizza/ChicagoPizza-Prefix.pch";
				INFOPLIST_FILE = "ChicagoPizza/ChicagoPizza-Info.plist";
				PRODUCT_NAME = "$(TARGET_NAME)";
				WRAPPER_EXTENSION = app;
			};
			name = Release;
		};
/* End XCBuildConfiguration section */

/* Begin XCConfigurationList section */
		B739929D16CB0CEF00C01033 /* Build configuration list for PBXProject "ChicagoPizza" */ = {
			isa = XCConfigurationList;
			buildConfigurations = (
				B73992C316CB0CEF00C01033 /* Debug */,
				B73992C416CB0CEF00C01033 /* Release */,
			);
			defaultConfigurationIsVisible = 0;
			defaultConfigurationName = Release;
		};
		B73992C516CB0CEF00C01033 /* Build configuration list for PBXNativeTarget "ChicagoPizza" */ = {
			isa = XCConfigurationList;
			buildConfigurations = (
				B73992C616CB0CEF00C01033 /* Debug */,
				B73992C716CB0CEF00C01033 /* Release */,
			);
			defaultConfigurationIsVisible = 0;
		};
/* End XCConfigurationList section */
	};
	rootObject = B739929A16CB0CEF00C01033 /* Project object */;
}
